
Microsoft Visual Studio Solution File, Format Version 12.00
# Visual Studio Version 17
VisualStudioVersion = 17.5.002.0
MinimumVisualStudioVersion = 10.0.40219.1
Project("{9A19103F-16F7-4668-BE54-9A1E7A4F7556}") = "MovieLibrary", "MovieLibrary.csproj", "{BFE52D01-E2F1-4758-A8AF-D2D18006A12E}"
EndProject
Global
	GlobalSection(SolutionConfigurationPlatforms) = preSolution
		Debug|Any CPU = Debug|Any CPU
		Release|Any CPU = Release|Any CPU
	EndGlobalSection
	GlobalSection(ProjectConfigurationPlatforms) = postSolution
		{BFE52D01-E2F1-4758-A8AF-D2D18006A12E}.Debug|Any CPU.ActiveCfg = Debug|Any CPU
		{BFE52D01-E2F1-4758-A8AF-D2D18006A12E}.Debug|Any CPU.Build.0 = Debug|Any CPU
		{BFE52D01-E2F1-4758-A8AF-D2D18006A12E}.Release|Any CPU.ActiveCfg = Release|Any CPU
		{BFE52D01-E2F1-4758-A8AF-D2D18006A12E}.Release|Any CPU.Build.0 = Release|Any CPU
	EndGlobalSection
	GlobalSection(SolutionProperties) = preSolution
		HideSolutionNode = FALSE
	EndGlobalSection
	GlobalSection(ExtensibilityGlobals) = postSolution
		SolutionGuid = {FBEE440B-6E64-438D-BA5B-CA13DF5AFFEA}
	EndGlobalSection
EndGlobal
